
Microsoft Visual Studio Solution File, Format Version 12.00
# Visual Studio 2013
VisualStudioVersion = 12.0.30501.0
MinimumVisualStudioVersion = 10.0.40219.1
Project("{FAE04EC0-301F-11D3-BF4B-00C04F79EFBC}") = "RecurrenceCalculator", "RecurrenceCalculator.csproj", "{3D6D608D-1825-4645-80F7-0954516FE0C3}"
EndProject
Project("{FAE04EC0-301F-11D3-BF4B-00C04F79EFBC}") = "RecurrenceCalculator.Tests", "..\RecurrenceCalculator.Tests\RecurrenceCalculator.Tests.csproj", "{BF6079B8-0B5D-4AAA-BA49-9FA7E74B1078}"
EndProject
Global
	GlobalSection(SolutionConfigurationPlatforms) = preSolution
		Debug|Any CPU = Debug|Any CPU
		Release|Any CPU = Release|Any CPU
	EndGlobalSection
	GlobalSection(ProjectConfigurationPlatforms) = postSolution
		{3D6D608D-1825-4645-80F7-0954516FE0C3}.Debug|Any CPU.ActiveCfg = Debug|Any CPU
		{3D6D608D-1825-4645-80F7-0954516FE0C3}.Debug|Any CPU.Build.0 = Debug|Any CPU
		{3D6D608D-1825-4645-80F7-0954516FE0C3}.Release|Any CPU.ActiveCfg = Release|Any CPU
		{3D6D608D-1825-4645-80F7-0954516FE0C3}.Release|Any CPU.Build.0 = Release|Any CPU
		{BF6079B8-0B5D-4AAA-BA49-9FA7E74B1078}.Debug|Any CPU.ActiveCfg = Debug|Any CPU
		{BF6079B8-0B5D-4AAA-BA49-9FA7E74B1078}.Debug|Any CPU.Build.0 = Debug|Any CPU
		{BF6079B8-0B5D-4AAA-BA49-9FA7E74B1078}.Release|Any CPU.ActiveCfg = Release|Any CPU
		{BF6079B8-0B5D-4AAA-BA49-9FA7E74B1078}.Release|Any CPU.Build.0 = Release|Any CPU
	EndGlobalSection
	GlobalSection(SolutionProperties) = preSolution
		HideSolutionNode = FALSE
	EndGlobalSection
EndGlobal
